
Microsoft Visual Studio Solution File, Format Version 12.00
# Visual Studio Version 16
VisualStudioVersion = 16.0.30002.166
MinimumVisualStudioVersion = 10.0.40219.1
Project("{FAE04EC0-301F-11D3-BF4B-00C04F79EFBC}") = "ConsoleUI", "ConsoleUI\ConsoleUI.csproj", "{5058EDDD-C3C9-4260-BB81-8158DB0B54E2}"
EndProject
Project("{FAE04EC0-301F-11D3-BF4B-00C04F79EFBC}") = "ClassLibrary", "ClassLibrary\ClassLibrary.csproj", "{9385415C-DE9B-4F26-ACEE-C7EC293AB2C1}"
EndProject
Global
	GlobalSection(SolutionConfigurationPlatforms) = preSolution
		Debug|Any CPU = Debug|Any CPU
		Release|Any CPU = Release|Any CPU
	EndGlobalSection
	GlobalSection(ProjectConfigurationPlatforms) = postSolution
		{5058EDDD-C3C9-4260-BB81-8158DB0B54E2}.Debug|Any CPU.ActiveCfg = Debug|Any CPU
		{5058EDDD-C3C9-4260-BB81-8158DB0B54E2}.Debug|Any CPU.Build.0 = Debug|Any CPU
		{5058EDDD-C3C9-4260-BB81-8158DB0B54E2}.Release|Any CPU.ActiveCfg = Release|Any CPU
		{5058EDDD-C3C9-4260-BB81-8158DB0B54E2}.Release|Any CPU.Build.0 = Release|Any CPU
		{9385415C-DE9B-4F26-ACEE-C7EC293AB2C1}.Debug|Any CPU.ActiveCfg = Debug|Any CPU
		{9385415C-DE9B-4F26-ACEE-C7EC293AB2C1}.Debug|Any CPU.Build.0 = Debug|Any CPU
		{9385415C-DE9B-4F26-ACEE-C7EC293AB2C1}.Release|Any CPU.ActiveCfg = Release|Any CPU
		{9385415C-DE9B-4F26-ACEE-C7EC293AB2C1}.Release|Any CPU.Build.0 = Release|Any CPU
	EndGlobalSection
	GlobalSection(SolutionProperties) = preSolution
		HideSolutionNode = FALSE
	EndGlobalSection
	GlobalSection(ExtensibilityGlobals) = postSolution
		SolutionGuid = {B5C0D0B4-7A7B-4383-94AD-21612C239496}
	EndGlobalSection
EndGlobal
